
Microsoft Visual Studio Solution File, Format Version 12.00
# Visual Studio Version 16
VisualStudioVersion = 16.0.30011.22
MinimumVisualStudioVersion = 10.0.40219.1
Project("{FAE04EC0-301F-11D3-BF4B-00C04F79EFBC}") = "PeerIslandAssignment", "PeerIslandAssignment.csproj", "{103B0C20-C620-4881-9962-D2C77D41A9B3}"
EndProject
Project("{FAE04EC0-301F-11D3-BF4B-00C04F79EFBC}") = "MultipleTablesSqlQuery", "MultipleTablesSqlQuery\MultipleTablesSqlQuery.csproj", "{9A978F81-8798-4EC9-BC5D-649FB74B490E}"
EndProject
Project("{FAE04EC0-301F-11D3-BF4B-00C04F79EFBC}") = "SingleTableSqlQuery", "SingleTableSqlQuery\SingleTableSqlQuery.csproj", "{45F44BAE-14AF-4827-96A1-115F45F79D4B}"
EndProject
Project("{FAE04EC0-301F-11D3-BF4B-00C04F79EFBC}") = "UtilityHelper", "UtilityHelper\UtilityHelper.csproj", "{4CA190CB-4012-4108-A3B6-2A4E8FE140AB}"
EndProject
Global
	GlobalSection(SolutionConfigurationPlatforms) = preSolution
		Debug|Any CPU = Debug|Any CPU
		Release|Any CPU = Release|Any CPU
	EndGlobalSection
	GlobalSection(ProjectConfigurationPlatforms) = postSolution
		{103B0C20-C620-4881-9962-D2C77D41A9B3}.Debug|Any CPU.ActiveCfg = Debug|Any CPU
		{103B0C20-C620-4881-9962-D2C77D41A9B3}.Debug|Any CPU.Build.0 = Debug|Any CPU
		{103B0C20-C620-4881-9962-D2C77D41A9B3}.Release|Any CPU.ActiveCfg = Release|Any CPU
		{103B0C20-C620-4881-9962-D2C77D41A9B3}.Release|Any CPU.Build.0 = Release|Any CPU
		{9A978F81-8798-4EC9-BC5D-649FB74B490E}.Debug|Any CPU.ActiveCfg = Debug|Any CPU
		{9A978F81-8798-4EC9-BC5D-649FB74B490E}.Debug|Any CPU.Build.0 = Debug|Any CPU
		{9A978F81-8798-4EC9-BC5D-649FB74B490E}.Release|Any CPU.ActiveCfg = Release|Any CPU
		{9A978F81-8798-4EC9-BC5D-649FB74B490E}.Release|Any CPU.Build.0 = Release|Any CPU
		{45F44BAE-14AF-4827-96A1-115F45F79D4B}.Debug|Any CPU.ActiveCfg = Debug|Any CPU
		{45F44BAE-14AF-4827-96A1-115F45F79D4B}.Debug|Any CPU.Build.0 = Debug|Any CPU
		{45F44BAE-14AF-4827-96A1-115F45F79D4B}.Release|Any CPU.ActiveCfg = Release|Any CPU
		{45F44BAE-14AF-4827-96A1-115F45F79D4B}.Release|Any CPU.Build.0 = Release|Any CPU
		{4CA190CB-4012-4108-A3B6-2A4E8FE140AB}.Debug|Any CPU.ActiveCfg = Debug|Any CPU
		{4CA190CB-4012-4108-A3B6-2A4E8FE140AB}.Debug|Any CPU.Build.0 = Debug|Any CPU
		{4CA190CB-4012-4108-A3B6-2A4E8FE140AB}.Release|Any CPU.ActiveCfg = Release|Any CPU
		{4CA190CB-4012-4108-A3B6-2A4E8FE140AB}.Release|Any CPU.Build.0 = Release|Any CPU
	EndGlobalSection
	GlobalSection(SolutionProperties) = preSolution
		HideSolutionNode = FALSE
	EndGlobalSection
	GlobalSection(ExtensibilityGlobals) = postSolution
		SolutionGuid = {EF9893B8-67FB-4E75-A722-7D49A233E265}
	EndGlobalSection
EndGlobal
